// !$*UTF8*$!
{
	archiveVersion = 1;
	classes = {
	};
	objectVersion = 46;
	objects = {

/* Begin PBXBuildFile section */
		4DE187081F68D48B002558B5 /* main.m in Sources */ = {isa = PBXBuildFile; fileRef = 4DE187071F68D48B002558B5 /* main.m */; };
		4DE1870B1F68D48B002558B5 /* AppDelegate.m in Sources */ = {isa = PBXBuildFile; fileRef = 4DE1870A1F68D48B002558B5 /* AppDelegate.m */; };
		4DE187111F68D48B002558B5 /* Main.storyboard in Resources */ = {isa = PBXBuildFile; fileRef = 4DE1870F1F68D48B002558B5 /* Main.storyboard */; };
		4DE187131F68D48B002558B5 /* Assets.xcassets in Resources */ = {isa = PBXBuildFile; fileRef = 4DE187121F68D48B002558B5 /* Assets.xcassets */; };
		4DE187161F68D48B002558B5 /* LaunchScreen.storyboard in Resources */ = {isa = PBXBuildFile; fileRef = 4DE187141F68D48B002558B5 /* LaunchScreen.storyboard */; };
		4DE187201F690DB4002558B5 /* ViewController_Lobby.m in Sources */ = {isa = PBXBuildFile; fileRef = 4DE1871F1F690DB4002558B5 /* ViewController_Lobby.m */; };
		4DE187231F690FDF002558B5 /* ViewController_Login.m in Sources */ = {isa = PBXBuildFile; fileRef = 4DE187221F690FDF002558B5 /* ViewController_Login.m */; };
		4DE187291F691B0F002558B5 /* ConstansUtils.m in Sources */ = {isa = PBXBuildFile; fileRef = 4DE187281F691B0F002558B5 /* ConstansUtils.m */; };
/* End PBXBuildFile section */

/* Begin PBXFileReference section */
		4DE187031F68D48B002558B5 /* BetPro.app */ = {isa = PBXFileReference; explicitFileType = wrapper.application; includeInIndex = 0; path = BetPro.app; sourceTree = BUILT_PRODUCTS_DIR; };
		4DE187071F68D48B002558B5 /* main.m */ = {isa = PBXFileReference; lastKnownFileType = sourcecode.c.objc; path = main.m; sourceTree = "<group>"; };
		4DE187091F68D48B002558B5 /* AppDelegate.h */ = {isa = PBXFileReference; lastKnownFileType = sourcecode.c.h; path = AppDelegate.h; sourceTree = "<group>"; };
		4DE1870A1F68D48B002558B5 /* AppDelegate.m */ = {isa = PBXFileReference; lastKnownFileType = sourcecode.c.objc; path = AppDelegate.m; sourceTree = "<group>"; };
		4DE187101F68D48B002558B5 /* Base */ = {isa = PBXFileReference; lastKnownFileType = file.storyboard; name = Base; path = Base.lproj/Main.storyboard; sourceTree = "<group>"; };
		4DE187121F68D48B002558B5 /* Assets.xcassets */ = {isa = PBXFileReference; lastKnownFileType = folder.assetcatalog; path = Assets.xcassets; sourceTree = "<group>"; };
		4DE187151F68D48B002558B5 /* Base */ = {isa = PBXFileReference; lastKnownFileType = file.storyboard; name = Base; path = Base.lproj/LaunchScreen.storyboard; sourceTree = "<group>"; };
		4DE187171F68D48B002558B5 /* Info.plist */ = {isa = PBXFileReference; lastKnownFileType = text.plist.xml; path = Info.plist; sourceTree = "<group>"; };
		4DE1871E1F690DB4002558B5 /* ViewController_Lobby.h */ = {isa = PBXFileReference; fileEncoding = 4; lastKnownFileType = sourcecode.c.h; path = ViewController_Lobby.h; sourceTree = "<group>"; };
		4DE1871F1F690DB4002558B5 /* ViewController_Lobby.m */ = {isa = PBXFileReference; fileEncoding = 4; lastKnownFileType = sourcecode.c.objc; path = ViewController_Lobby.m; sourceTree = "<group>"; };
		4DE187211F690FDF002558B5 /* ViewController_Login.h */ = {isa = PBXFileReference; fileEncoding = 4; lastKnownFileType = sourcecode.c.h; path = ViewController_Login.h; sourceTree = "<group>"; };
		4DE187221F690FDF002558B5 /* ViewController_Login.m */ = {isa = PBXFileReference; fileEncoding = 4; lastKnownFileType = sourcecode.c.objc; path = ViewController_Login.m; sourceTree = "<group>"; };
		4DE187271F691B0F002558B5 /* ConstansUtils.h */ = {isa = PBXFileReference; fileEncoding = 4; lastKnownFileType = sourcecode.c.h; path = ConstansUtils.h; sourceTree = "<group>"; };
		4DE187281F691B0F002558B5 /* ConstansUtils.m */ = {isa = PBXFileReference; fileEncoding = 4; lastKnownFileType = sourcecode.c.objc; path = ConstansUtils.m; sourceTree = "<group>"; };
/* End PBXFileReference section */

/* Begin PBXFrameworksBuildPhase section */
		4DE187001F68D48B002558B5 /* Frameworks */ = {
			isa = PBXFrameworksBuildPhase;
			buildActionMask = 2147483647;
			files = (
			);
			runOnlyForDeploymentPostprocessing = 0;
		};
/* End PBXFrameworksBuildPhase section */

/* Begin PBXGroup section */
		4DE186FA1F68D48A002558B5 = {
			isa = PBXGroup;
			children = (
				4DE187051F68D48B002558B5 /* BetPro */,
				4DE187041F68D48B002558B5 /* Products */,
			);
			sourceTree = "<group>";
		};
		4DE187041F68D48B002558B5 /* Products */ = {
			isa = PBXGroup;
			children = (
				4DE187031F68D48B002558B5 /* BetPro.app */,
			);
			name = Products;
			sourceTree = "<group>";
		};
		4DE187051F68D48B002558B5 /* BetPro */ = {
			isa = PBXGroup;
			children = (
				4DE187241F6916A9002558B5 /* utils */,
				4DE1871D1F690D82002558B5 /* controllers */,
				4DE187091F68D48B002558B5 /* AppDelegate.h */,
				4DE1870A1F68D48B002558B5 /* AppDelegate.m */,
				4DE1870F1F68D48B002558B5 /* Main.storyboard */,
				4DE187121F68D48B002558B5 /* Assets.xcassets */,
				4DE187141F68D48B002558B5 /* LaunchScreen.storyboard */,
				4DE187171F68D48B002558B5 /* Info.plist */,
				4DE187061F68D48B002558B5 /* Supporting Files */,
			);
			path = BetPro;
			sourceTree = "<group>";
		};
		4DE187061F68D48B002558B5 /* Supporting Files */ = {
			isa = PBXGroup;
			children = (
				4DE187071F68D48B002558B5 /* main.m */,
			);
			name = "Supporting Files";
			sourceTree = "<group>";
		};
		4DE1871D1F690D82002558B5 /* controllers */ = {
			isa = PBXGroup;
			children = (
				4DE1871E1F690DB4002558B5 /* ViewController_Lobby.h */,
				4DE1871F1F690DB4002558B5 /* ViewController_Lobby.m */,
				4DE187211F690FDF002558B5 /* ViewController_Login.h */,
				4DE187221F690FDF002558B5 /* ViewController_Login.m */,
			);
			name = controllers;
			sourceTree = "<group>";
		};
		4DE187241F6916A9002558B5 /* utils */ = {
			isa = PBXGroup;
			children = (
				4DE187271F691B0F002558B5 /* ConstansUtils.h */,
				4DE187281F691B0F002558B5 /* ConstansUtils.m */,
			);
			name = utils;
			sourceTree = "<group>";
		};
/* End PBXGroup section */

/* Begin PBXNativeTarget section */
		4DE187021F68D48B002558B5 /* BetPro */ = {
			isa = PBXNativeTarget;
			buildConfigurationList = 4DE1871A1F68D48B002558B5 /* Build configuration list for PBXNativeTarget "BetPro" */;
			buildPhases = (
				4DE186FF1F68D48B002558B5 /* Sources */,
				4DE187001F68D48B002558B5 /* Frameworks */,
				4DE187011F68D48B002558B5 /* Resources */,
			);
			buildRules = (
			);
			dependencies = (
			);
			name = BetPro;
			productName = BetPro;
			productReference = 4DE187031F68D48B002558B5 /* BetPro.app */;
			productType = "com.apple.product-type.application";
		};
/* End PBXNativeTarget section */

/* Begin PBXProject section */
		4DE186FB1F68D48A002558B5 /* Project object */ = {
			isa = PBXProject;
			attributes = {
				LastUpgradeCheck = 0830;
				ORGANIZATIONNAME = gaopan;
				TargetAttributes = {
					4DE187021F68D48B002558B5 = {
						CreatedOnToolsVersion = 8.3.3;
						DevelopmentTeam = PLJFE7ZCUJ;
						ProvisioningStyle = Automatic;
					};
				};
			};
			buildConfigurationList = 4DE186FE1F68D48A002558B5 /* Build configuration list for PBXProject "BetPro" */;
			compatibilityVersion = "Xcode 3.2";
			developmentRegion = English;
			hasScannedForEncodings = 0;
			knownRegions = (
				en,
				Base,
			);
			mainGroup = 4DE186FA1F68D48A002558B5;
			productRefGroup = 4DE187041F68D48B002558B5 /* Products */;
			projectDirPath = "";
			projectRoot = "";
			targets = (
				4DE187021F68D48B002558B5 /* BetPro */,
			);
		};
/* End PBXProject section */

/* Begin PBXResourcesBuildPhase section */
		4DE187011F68D48B002558B5 /* Resources */ = {
			isa = PBXResourcesBuildPhase;
			buildActionMask = 2147483647;
			files = (
				4DE187161F68D48B002558B5 /* LaunchScreen.storyboard in Resources */,
				4DE187131F68D48B002558B5 /* Assets.xcassets in Resources */,
				4DE187111F68D48B002558B5 /* Main.storyboard in Resources */,
			);
			runOnlyForDeploymentPostprocessing = 0;
		};
/* End PBXResourcesBuildPhase section */

/* Begin PBXSourcesBuildPhase section */
		4DE186FF1F68D48B002558B5 /* Sources */ = {
			isa = PBXSourcesBuildPhase;
			buildActionMask = 2147483647;
			files = (
				4DE187231F690FDF002558B5 /* ViewController_Login.m in Sources */,
				4DE1870B1F68D48B002558B5 /* AppDelegate.m in Sources */,
				4DE187081F68D48B002558B5 /* main.m in Sources */,
				4DE187201F690DB4002558B5 /* ViewController_Lobby.m in Sources */,
				4DE187291F691B0F002558B5 /* ConstansUtils.m in Sources */,
			);
			runOnlyForDeploymentPostprocessing = 0;
		};
/* End PBXSourcesBuildPhase section */

/* Begin PBXVariantGroup section */
		4DE1870F1F68D48B002558B5 /* Main.storyboard */ = {
			isa = PBXVariantGroup;
			children = (
				4DE187101F68D48B002558B5 /* Base */,
			);
			name = Main.storyboard;
			sourceTree = "<group>";
		};
		4DE187141F68D48B002558B5 /* LaunchScreen.storyboard */ = {
			isa = PBXVariantGroup;
			children = (
				4DE187151F68D48B002558B5 /* Base */,
			);
			name = LaunchScreen.storyboard;
			sourceTree = "<group>";
		};
/* End PBXVariantGroup section */

/* Begin XCBuildConfiguration section */
		4DE187181F68D48B002558B5 /* Debug */ = {
			isa = XCBuildConfiguration;
			buildSettings = {
				ALWAYS_SEARCH_USER_PATHS = NO;
				CLANG_ANALYZER_NONNULL = YES;
				CLANG_ANALYZER_NUMBER_OBJECT_CONVERSION = YES_AGGRESSIVE;
				CLANG_CXX_LANGUAGE_STANDARD = "gnu++0x";
				CLANG_CXX_LIBRARY = "libc++";
				CLANG_ENABLE_MODULES = YES;
				CLANG_ENABLE_OBJC_ARC = YES;
				CLANG_WARN_BOOL_CONVERSION = YES;
				CLANG_WARN_CONSTANT_CONVERSION = YES;
				CLANG_WARN_DIRECT_OBJC_ISA_USAGE = YES_ERROR;
				CLANG_WARN_DOCUMENTATION_COMMENTS = YES;
				CLANG_WARN_EMPTY_BODY = YES;
				CLANG_WARN_ENUM_CONVERSION = YES;
				CLANG_WARN_INFINITE_RECURSION = YES;
				CLANG_WARN_INT_CONVERSION = YES;
				CLANG_WARN_OBJC_ROOT_CLASS = YES_ERROR;
				CLANG_WARN_SUSPICIOUS_MOVE = YES;
				CLANG_WARN_UNREACHABLE_CODE = YES;
				CLANG_WARN__DUPLICATE_METHOD_MATCH = YES;
				"CODE_SIGN_IDENTITY[sdk=iphoneos*]" = "iPhone Developer";
				COPY_PHASE_STRIP = NO;
				DEBUG_INFORMATION_FORMAT = dwarf;
				ENABLE_STRICT_OBJC_MSGSEND = YES;
				ENABLE_TESTABILITY = YES;
				GCC_C_LANGUAGE_STANDARD = gnu99;
				GCC_DYNAMIC_NO_PIC = NO;
				GCC_NO_COMMON_BLOCKS = YES;
				GCC_OPTIMIZATION_LEVEL = 0;
				GCC_PREPROCESSOR_DEFINITIONS = (
					"DEBUG=1",
					"$(inherited)",
				);
				GCC_WARN_64_TO_32_BIT_CONVERSION = YES;
				GCC_WARN_ABOUT_RETURN_TYPE = YES_ERROR;
				GCC_WARN_UNDECLARED_SELECTOR = YES;
				GCC_WARN_UNINITIALIZED_AUTOS = YES_AGGRESSIVE;
				GCC_WARN_UNUSED_FUNCTION = YES;
				GCC_WARN_UNUSED_VARIABLE = YES;
				IPHONEOS_DEPLOYMENT_TARGET = 10.3;
				MTL_ENABLE_DEBUG_INFO = YES;
				ONLY_ACTIVE_ARCH = YES;
				SDKROOT = iphoneos;
			};
			name = Debug;
		};
		4DE187191F68D48B002558B5 /* Release */ = {
			isa = XCBuildConfiguration;
			buildSettings = {
				ALWAYS_SEARCH_USER_PATHS = NO;
				CLANG_ANALYZER_NONNULL = YES;
				CLANG_ANALYZER_NUMBER_OBJECT_CONVERSION = YES_AGGRESSIVE;
				CLANG_CXX_LANGUAGE_STANDARD = "gnu++0x";
				CLANG_CXX_LIBRARY = "libc++";
				CLANG_ENABLE_MODULES = YES;
				CLANG_ENABLE_OBJC_ARC = YES;
				CLANG_WARN_BOOL_CONVERSION = YES;
				CLANG_WARN_CONSTANT_CONVERSION = YES;
				CLANG_WARN_DIRECT_OBJC_ISA_USAGE = YES_ERROR;
				CLANG_WARN_DOCUMENTATION_COMMENTS = YES;
				CLANG_WARN_EMPTY_BODY = YES;
				CLANG_WARN_ENUM_CONVERSION = YES;
				CLANG_WARN_INFINITE_RECURSION = YES;
				CLANG_WARN_INT_CONVERSION = YES;
				CLANG_WARN_OBJC_ROOT_CLASS = YES_ERROR;
				CLANG_WARN_SUSPICIOUS_MOVE = YES;
				CLANG_WARN_UNREACHABLE_CODE = YES;
				CLANG_WARN__DUPLICATE_METHOD_MATCH = YES;
				"CODE_SIGN_IDENTITY[sdk=iphoneos*]" = "iPhone Developer";
				COPY_PHASE_STRIP = NO;
				DEBUG_INFORMATION_FORMAT = "dwarf-with-dsym";
				ENABLE_NS_ASSERTIONS = NO;
				ENABLE_STRICT_OBJC_MSGSEND = YES;
				GCC_C_LANGUAGE_STANDARD = gnu99;
				GCC_NO_COMMON_BLOCKS = YES;
				GCC_WARN_64_TO_32_BIT_CONVERSION = YES;
				GCC_WARN_ABOUT_RETURN_TYPE = YES_ERROR;
				GCC_WARN_UNDECLARED_SELECTOR = YES;
				GCC_WARN_UNINITIALIZED_AUTOS = YES_AGGRESSIVE;
				GCC_WARN_UNUSED_FUNCTION = YES;
				GCC_WARN_UNUSED_VARIABLE = YES;
				IPHONEOS_DEPLOYMENT_TARGET = 10.3;
				MTL_ENABLE_DEBUG_INFO = NO;
				SDKROOT = iphoneos;
				VALIDATE_PRODUCT = YES;
			};
			name = Release;
		};
		4DE1871B1F68D48B002558B5 /* Debug */ = {
			isa = XCBuildConfiguration;
			buildSettings = {
				ASSETCATALOG_COMPILER_APPICON_NAME = AppIcon;
				DEVELOPMENT_TEAM = PLJFE7ZCUJ;
				INFOPLIST_FILE = BetPro/Info.plist;
				IPHONEOS_DEPLOYMENT_TARGET = 8.0;
				LD_RUNPATH_SEARCH_PATHS = "$(inherited) @executable_path/Frameworks";
				PRODUCT_BUNDLE_IDENTIFIER = com.gaopan.BetPro;
				PRODUCT_NAME = "$(TARGET_NAME)";
			};
			name = Debug;
		};
		4DE1871C1F68D48B002558B5 /* Release */ = {
			isa = XCBuildConfiguration;
			buildSettings = {
				ASSETCATALOG_COMPILER_APPICON_NAME = AppIcon;
				DEVELOPMENT_TEAM = PLJFE7ZCUJ;
				INFOPLIST_FILE = BetPro/Info.plist;
				IPHONEOS_DEPLOYMENT_TARGET = 8.0;
				LD_RUNPATH_SEARCH_PATHS = "$(inherited) @executable_path/Frameworks";
				PRODUCT_BUNDLE_IDENTIFIER = com.gaopan.BetPro;
				PRODUCT_NAME = "$(TARGET_NAME)";
			};
			name = Release;
		};
/* End XCBuildConfiguration section */

/* Begin XCConfigurationList section */
		4DE186FE1F68D48A002558B5 /* Build configuration list for PBXProject "BetPro" */ = {
			isa = XCConfigurationList;
			buildConfigurations = (
				4DE187181F68D48B002558B5 /* Debug */,
				4DE187191F68D48B002558B5 /* Release */,
			);
			defaultConfigurationIsVisible = 0;
			defaultConfigurationName = Release;
		};
		4DE1871A1F68D48B002558B5 /* Build configuration list for PBXNativeTarget "BetPro" */ = {
			isa = XCConfigurationList;
			buildConfigurations = (
				4DE1871B1F68D48B002558B5 /* Debug */,
				4DE1871C1F68D48B002558B5 /* Release */,
			);
			defaultConfigurationIsVisible = 0;
		};
/* End XCConfigurationList section */
	};
	rootObject = 4DE186FB1F68D48A002558B5 /* Project object */;
}
